// !$*UTF8*$!
{
	archiveVersion = 1;
	classes = {
	};
	objectVersion = 77;
	objects = {

/* Begin PBXBuildFile section */
		0810AB1D17441B5705668F50 /* Pods_kofu_gamehub.framework in Frameworks */ = {isa = PBXBuildFile; fileRef = 729B4886EC038005C86377F9 /* Pods_kofu_gamehub.framework */; };
		DC0A72112E006AAE00B238AD /* TestPlan.xctestplan in Resources */ = {isa = PBXBuildFile; fileRef = DC0A72102E006AAE00B238AD /* TestPlan.xctestplan */; };
		DC14BB222DE8C9E30046EFE2 /* Flow in Frameworks */ = {isa = PBXBuildFile; productRef = DC14BB212DE8C9E30046EFE2 /* Flow */; };
		DC7D56D22E018C27005D2A00 /* .swiftlint.yml in Resources */ = {isa = PBXBuildFile; fileRef = DC7D56D12E018C24005D2A00 /* .swiftlint.yml */; };
/* End PBXBuildFile section */

/* Begin PBXContainerItemProxy section */
		DCC998402E0058C7008C1E3E /* PBXContainerItemProxy */ = {
			isa = PBXContainerItemProxy;
			containerPortal = DC402BE52DE8792A00E94468 /* Project object */;
			proxyType = 1;
			remoteGlobalIDString = DC402BEC2DE8792A00E94468;
			remoteInfo = "kofu-gamehub";
		};
/* End PBXContainerItemProxy section */

/* Begin PBXFileReference section */
		39F0BD93EF61CFD594C6C254 /* Pods-kofu-gamehub.debug.xcconfig */ = {isa = PBXFileReference; includeInIndex = 1; lastKnownFileType = text.xcconfig; name = "Pods-kofu-gamehub.debug.xcconfig"; path = "Target Support Files/Pods-kofu-gamehub/Pods-kofu-gamehub.debug.xcconfig"; sourceTree = "<group>"; };
		729B4886EC038005C86377F9 /* Pods_kofu_gamehub.framework */ = {isa = PBXFileReference; explicitFileType = wrapper.framework; includeInIndex = 0; path = Pods_kofu_gamehub.framework; sourceTree = BUILT_PRODUCTS_DIR; };
		8026A7FE60E9C7FAF382DC05 /* Pods-kofu-gamehub.release.xcconfig */ = {isa = PBXFileReference; includeInIndex = 1; lastKnownFileType = text.xcconfig; name = "Pods-kofu-gamehub.release.xcconfig"; path = "Target Support Files/Pods-kofu-gamehub/Pods-kofu-gamehub.release.xcconfig"; sourceTree = "<group>"; };
		DC0A72102E006AAE00B238AD /* TestPlan.xctestplan */ = {isa = PBXFileReference; lastKnownFileType = text; path = TestPlan.xctestplan; sourceTree = "<group>"; };
		DC402BED2DE8792A00E94468 /* kofu-gamehub.app */ = {isa = PBXFileReference; explicitFileType = wrapper.application; includeInIndex = 0; path = "kofu-gamehub.app"; sourceTree = BUILT_PRODUCTS_DIR; };
		DC7D56D12E018C24005D2A00 /* .swiftlint.yml */ = {isa = PBXFileReference; lastKnownFileType = text.yaml; path = .swiftlint.yml; sourceTree = "<group>"; };
		DCC9983C2E0058C7008C1E3E /* kofu-gamehubTests.xctest */ = {isa = PBXFileReference; explicitFileType = wrapper.cfbundle; includeInIndex = 0; path = "kofu-gamehubTests.xctest"; sourceTree = BUILT_PRODUCTS_DIR; };
/* End PBXFileReference section */

/* Begin PBXFileSystemSynchronizedBuildFileExceptionSet section */
		DC14BB192DE88CA90046EFE2 /* Exceptions for "kofu-gamehub" folder in "kofu-gamehub" target */ = {
			isa = PBXFileSystemSynchronizedBuildFileExceptionSet;
			membershipExceptions = (
				FileSystems/Info.plist,
			);
			target = DC402BEC2DE8792A00E94468 /* kofu-gamehub */;
		};
/* End PBXFileSystemSynchronizedBuildFileExceptionSet section */

/* Begin PBXFileSystemSynchronizedRootGroup section */
		DC402BEF2DE8792A00E94468 /* kofu-gamehub */ = {
			isa = PBXFileSystemSynchronizedRootGroup;
			exceptions = (
				DC14BB192DE88CA90046EFE2 /* Exceptions for "kofu-gamehub" folder in "kofu-gamehub" target */,
			);
			path = "kofu-gamehub";
			sourceTree = "<group>";
		};
		DCC9983D2E0058C7008C1E3E /* kofu-gamehubTests */ = {
			isa = PBXFileSystemSynchronizedRootGroup;
			path = "kofu-gamehubTests";
			sourceTree = "<group>";
		};
/* End PBXFileSystemSynchronizedRootGroup section */

/* Begin PBXFrameworksBuildPhase section */
		DC402BEA2DE8792A00E94468 /* Frameworks */ = {
			isa = PBXFrameworksBuildPhase;
			buildActionMask = 2147483647;
			files = (
				DC14BB222DE8C9E30046EFE2 /* Flow in Frameworks */,
				0810AB1D17441B5705668F50 /* Pods_kofu_gamehub.framework in Frameworks */,
			);
			runOnlyForDeploymentPostprocessing = 0;
		};
		DCC998392E0058C7008C1E3E /* Frameworks */ = {
			isa = PBXFrameworksBuildPhase;
			buildActionMask = 2147483647;
			files = (
			);
			runOnlyForDeploymentPostprocessing = 0;
		};
/* End PBXFrameworksBuildPhase section */

/* Begin PBXGroup section */
		2F934E8BCD031DDF0209D5A5 /* Frameworks */ = {
			isa = PBXGroup;
			children = (
				729B4886EC038005C86377F9 /* Pods_kofu_gamehub.framework */,
			);
			name = Frameworks;
			sourceTree = "<group>";
		};
		9C8F668C4597B5672A137CCF /* Pods */ = {
			isa = PBXGroup;
			children = (
				39F0BD93EF61CFD594C6C254 /* Pods-kofu-gamehub.debug.xcconfig */,
				8026A7FE60E9C7FAF382DC05 /* Pods-kofu-gamehub.release.xcconfig */,
			);
			path = Pods;
			sourceTree = "<group>";
		};
		DC402BE42DE8792A00E94468 = {
			isa = PBXGroup;
			children = (
				DC7D56D12E018C24005D2A00 /* .swiftlint.yml */,
				DC0A72102E006AAE00B238AD /* TestPlan.xctestplan */,
				DC402BEF2DE8792A00E94468 /* kofu-gamehub */,
				DCC9983D2E0058C7008C1E3E /* kofu-gamehubTests */,
				DC402BEE2DE8792A00E94468 /* Products */,
				9C8F668C4597B5672A137CCF /* Pods */,
				2F934E8BCD031DDF0209D5A5 /* Frameworks */,
			);
			sourceTree = "<group>";
		};
		DC402BEE2DE8792A00E94468 /* Products */ = {
			isa = PBXGroup;
			children = (
				DC402BED2DE8792A00E94468 /* kofu-gamehub.app */,
				DCC9983C2E0058C7008C1E3E /* kofu-gamehubTests.xctest */,
			);
			name = Products;
			sourceTree = "<group>";
		};
/* End PBXGroup section */

/* Begin PBXNativeTarget section */
		DC402BEC2DE8792A00E94468 /* kofu-gamehub */ = {
			isa = PBXNativeTarget;
			buildConfigurationList = DC402BF82DE8792C00E94468 /* Build configuration list for PBXNativeTarget "kofu-gamehub" */;
			buildPhases = (
				5A39DE05441E73FE27F23020 /* [CP] Check Pods Manifest.lock */,
				DC402BE92DE8792A00E94468 /* Sources */,
				DC402BEA2DE8792A00E94468 /* Frameworks */,
				DC402BEB2DE8792A00E94468 /* Resources */,
				735311BDE6D4208DE2F42C94 /* [CP] Embed Pods Frameworks */,
				DC7D56D32E018C75005D2A00 /* ShellScript */,
			);
			buildRules = (
			);
			dependencies = (
			);
			fileSystemSynchronizedGroups = (
				DC402BEF2DE8792A00E94468 /* kofu-gamehub */,
			);
			name = "kofu-gamehub";
			productName = "kofu-gamehub";
			productReference = DC402BED2DE8792A00E94468 /* kofu-gamehub.app */;
			productType = "com.apple.product-type.application";
		};
		DCC9983B2E0058C7008C1E3E /* kofu-gamehubTests */ = {
			isa = PBXNativeTarget;
			buildConfigurationList = DCC998442E0058C8008C1E3E /* Build configuration list for PBXNativeTarget "kofu-gamehubTests" */;
			buildPhases = (
				DCC998382E0058C7008C1E3E /* Sources */,
				DCC998392E0058C7008C1E3E /* Frameworks */,
				DCC9983A2E0058C7008C1E3E /* Resources */,
			);
			buildRules = (
			);
			dependencies = (
				DCC998412E0058C7008C1E3E /* PBXTargetDependency */,
			);
			fileSystemSynchronizedGroups = (
				DCC9983D2E0058C7008C1E3E /* kofu-gamehubTests */,
			);
			name = "kofu-gamehubTests";
			packageProductDependencies = (
			);
			productName = "kofu-gamehubTests";
			productReference = DCC9983C2E0058C7008C1E3E /* kofu-gamehubTests.xctest */;
			productType = "com.apple.product-type.bundle.unit-test";
		};
/* End PBXNativeTarget section */

/* Begin PBXProject section */
		DC402BE52DE8792A00E94468 /* Project object */ = {
			isa = PBXProject;
			attributes = {
				BuildIndependentTargetsInParallel = 1;
				LastSwiftUpdateCheck = 1640;
				LastUpgradeCheck = 1640;
				TargetAttributes = {
					DC402BEC2DE8792A00E94468 = {
						CreatedOnToolsVersion = 16.3;
					};
					DCC9983B2E0058C7008C1E3E = {
						CreatedOnToolsVersion = 16.4;
						TestTargetID = DC402BEC2DE8792A00E94468;
					};
				};
			};
			buildConfigurationList = DC402BE82DE8792A00E94468 /* Build configuration list for PBXProject "kofu-gamehub" */;
			developmentRegion = en;
			hasScannedForEncodings = 0;
			knownRegions = (
				en,
				Base,
			);
			mainGroup = DC402BE42DE8792A00E94468;
			minimizedProjectReferenceProxies = 1;
			packageReferences = (
				DC14BB202DE8C9E30046EFE2 /* XCRemoteSwiftPackageReference "SwiftUI-Flow" */,
				DC7D56D02E018B30005D2A00 /* XCRemoteSwiftPackageReference "SwiftLintPlugins" */,
			);
			preferredProjectObjectVersion = 77;
			productRefGroup = DC402BEE2DE8792A00E94468 /* Products */;
			projectDirPath = "";
			projectRoot = "";
			targets = (
				DC402BEC2DE8792A00E94468 /* kofu-gamehub */,
				DCC9983B2E0058C7008C1E3E /* kofu-gamehubTests */,
			);
		};
/* End PBXProject section */

/* Begin PBXResourcesBuildPhase section */
		DC402BEB2DE8792A00E94468 /* Resources */ = {
			isa = PBXResourcesBuildPhase;
			buildActionMask = 2147483647;
			files = (
				DC7D56D22E018C27005D2A00 /* .swiftlint.yml in Resources */,
				DC0A72112E006AAE00B238AD /* TestPlan.xctestplan in Resources */,
			);
			runOnlyForDeploymentPostprocessing = 0;
		};
		DCC9983A2E0058C7008C1E3E /* Resources */ = {
			isa = PBXResourcesBuildPhase;
			buildActionMask = 2147483647;
			files = (
			);
			runOnlyForDeploymentPostprocessing = 0;
		};
/* End PBXResourcesBuildPhase section */

/* Begin PBXShellScriptBuildPhase section */
		5A39DE05441E73FE27F23020 /* [CP] Check Pods Manifest.lock */ = {
			isa = PBXShellScriptBuildPhase;
			buildActionMask = 2147483647;
			files = (
			);
			inputFileListPaths = (
			);
			inputPaths = (
				"${PODS_PODFILE_DIR_PATH}/Podfile.lock",
				"${PODS_ROOT}/Manifest.lock",
			);
			name = "[CP] Check Pods Manifest.lock";
			outputFileListPaths = (
			);
			outputPaths = (
				"$(DERIVED_FILE_DIR)/Pods-kofu-gamehub-checkManifestLockResult.txt",
			);
			runOnlyForDeploymentPostprocessing = 0;
			shellPath = /bin/sh;
			shellScript = "diff \"${PODS_PODFILE_DIR_PATH}/Podfile.lock\" \"${PODS_ROOT}/Manifest.lock\" > /dev/null\nif [ $? != 0 ] ; then\n    # print error to STDERR\n    echo \"error: The sandbox is not in sync with the Podfile.lock. Run 'pod install' or update your CocoaPods installation.\" >&2\n    exit 1\nfi\n# This output is used by Xcode 'outputs' to avoid re-running this script phase.\necho \"SUCCESS\" > \"${SCRIPT_OUTPUT_FILE_0}\"\n";
			showEnvVarsInLog = 0;
		};
		735311BDE6D4208DE2F42C94 /* [CP] Embed Pods Frameworks */ = {
			isa = PBXShellScriptBuildPhase;
			buildActionMask = 2147483647;
			files = (
			);
			inputFileListPaths = (
				"${PODS_ROOT}/Target Support Files/Pods-kofu-gamehub/Pods-kofu-gamehub-frameworks-${CONFIGURATION}-input-files.xcfilelist",
			);
			inputPaths = (
			);
			name = "[CP] Embed Pods Frameworks";
			outputFileListPaths = (
				"${PODS_ROOT}/Target Support Files/Pods-kofu-gamehub/Pods-kofu-gamehub-frameworks-${CONFIGURATION}-output-files.xcfilelist",
			);
			outputPaths = (
			);
			runOnlyForDeploymentPostprocessing = 0;
			shellPath = /bin/sh;
			shellScript = "\"${PODS_ROOT}/Target Support Files/Pods-kofu-gamehub/Pods-kofu-gamehub-frameworks.sh\"\n";
			showEnvVarsInLog = 0;
		};
		DC7D56D32E018C75005D2A00 /* ShellScript */ = {
			isa = PBXShellScriptBuildPhase;
			buildActionMask = 2147483647;
			files = (
			);
			inputFileListPaths = (
			);
			inputPaths = (
			);
			outputFileListPaths = (
			);
			outputPaths = (
			);
			runOnlyForDeploymentPostprocessing = 0;
			shellPath = /bin/sh;
			shellScript = "# Type a script or drag a script file from your workspace to insert its path.\nif [ -f /opt/homebrew/bin/swiftlint ]; then\n    echo \"✅ Linting with SwiftLint\"\n    /opt/homebrew/bin/swiftlint\nelse\n    echo \"❌ SwiftLint not found at /opt/homebrew/bin/swiftlint\"\nfi\n";
		};
/* End PBXShellScriptBuildPhase section */

/* Begin PBXSourcesBuildPhase section */
		DC402BE92DE8792A00E94468 /* Sources */ = {
			isa = PBXSourcesBuildPhase;
			buildActionMask = 2147483647;
			files = (
			);
			runOnlyForDeploymentPostprocessing = 0;
		};
		DCC998382E0058C7008C1E3E /* Sources */ = {
			isa = PBXSourcesBuildPhase;
			buildActionMask = 2147483647;
			files = (
			);
			runOnlyForDeploymentPostprocessing = 0;
		};
/* End PBXSourcesBuildPhase section */

/* Begin PBXTargetDependency section */
		DCC998412E0058C7008C1E3E /* PBXTargetDependency */ = {
			isa = PBXTargetDependency;
			target = DC402BEC2DE8792A00E94468 /* kofu-gamehub */;
			targetProxy = DCC998402E0058C7008C1E3E /* PBXContainerItemProxy */;
		};
/* End PBXTargetDependency section */

/* Begin XCBuildConfiguration section */
		DC402BF62DE8792C00E94468 /* Debug */ = {
			isa = XCBuildConfiguration;
			buildSettings = {
				ALWAYS_SEARCH_USER_PATHS = NO;
				ASSETCATALOG_COMPILER_GENERATE_SWIFT_ASSET_SYMBOL_EXTENSIONS = YES;
				CLANG_ANALYZER_NONNULL = YES;
				CLANG_ANALYZER_NUMBER_OBJECT_CONVERSION = YES_AGGRESSIVE;
				CLANG_CXX_LANGUAGE_STANDARD = "gnu++20";
				CLANG_ENABLE_MODULES = YES;
				CLANG_ENABLE_OBJC_ARC = YES;
				CLANG_ENABLE_OBJC_WEAK = YES;
				CLANG_WARN_BLOCK_CAPTURE_AUTORELEASING = YES;
				CLANG_WARN_BOOL_CONVERSION = YES;
				CLANG_WARN_COMMA = YES;
				CLANG_WARN_CONSTANT_CONVERSION = YES;
				CLANG_WARN_DEPRECATED_OBJC_IMPLEMENTATIONS = YES;
				CLANG_WARN_DIRECT_OBJC_ISA_USAGE = YES_ERROR;
				CLANG_WARN_DOCUMENTATION_COMMENTS = YES;
				CLANG_WARN_EMPTY_BODY = YES;
				CLANG_WARN_ENUM_CONVERSION = YES;
				CLANG_WARN_INFINITE_RECURSION = YES;
				CLANG_WARN_INT_CONVERSION = YES;
				CLANG_WARN_NON_LITERAL_NULL_CONVERSION = YES;
				CLANG_WARN_OBJC_IMPLICIT_RETAIN_SELF = YES;
				CLANG_WARN_OBJC_LITERAL_CONVERSION = YES;
				CLANG_WARN_OBJC_ROOT_CLASS = YES_ERROR;
				CLANG_WARN_QUOTED_INCLUDE_IN_FRAMEWORK_HEADER = YES;
				CLANG_WARN_RANGE_LOOP_ANALYSIS = YES;
				CLANG_WARN_STRICT_PROTOTYPES = YES;
				CLANG_WARN_SUSPICIOUS_MOVE = YES;
				CLANG_WARN_UNGUARDED_AVAILABILITY = YES_AGGRESSIVE;
				CLANG_WARN_UNREACHABLE_CODE = YES;
				CLANG_WARN__DUPLICATE_METHOD_MATCH = YES;
				COPY_PHASE_STRIP = NO;
				DEBUG_INFORMATION_FORMAT = dwarf;
				DEVELOPMENT_TEAM = 6TYR8H3MLM;
				ENABLE_STRICT_OBJC_MSGSEND = YES;
				ENABLE_TESTABILITY = YES;
				ENABLE_USER_SCRIPT_SANDBOXING = YES;
				GCC_C_LANGUAGE_STANDARD = gnu17;
				GCC_DYNAMIC_NO_PIC = NO;
				GCC_NO_COMMON_BLOCKS = YES;
				GCC_OPTIMIZATION_LEVEL = 0;
				GCC_PREPROCESSOR_DEFINITIONS = (
					"DEBUG=1",
					"$(inherited)",
				);
				GCC_WARN_64_TO_32_BIT_CONVERSION = YES;
				GCC_WARN_ABOUT_RETURN_TYPE = YES_ERROR;
				GCC_WARN_UNDECLARED_SELECTOR = YES;
				GCC_WARN_UNINITIALIZED_AUTOS = YES_AGGRESSIVE;
				GCC_WARN_UNUSED_FUNCTION = YES;
				GCC_WARN_UNUSED_VARIABLE = YES;
				IPHONEOS_DEPLOYMENT_TARGET = 18.4;
				LOCALIZATION_PREFERS_STRING_CATALOGS = YES;
				MTL_ENABLE_DEBUG_INFO = INCLUDE_SOURCE;
				MTL_FAST_MATH = YES;
				ONLY_ACTIVE_ARCH = YES;
				SDKROOT = iphoneos;
				SWIFT_ACTIVE_COMPILATION_CONDITIONS = "DEBUG $(inherited)";
				SWIFT_OPTIMIZATION_LEVEL = "-Onone";
			};
			name = Debug;
		};
		DC402BF72DE8792C00E94468 /* Release */ = {
			isa = XCBuildConfiguration;
			buildSettings = {
				ALWAYS_SEARCH_USER_PATHS = NO;
				ASSETCATALOG_COMPILER_GENERATE_SWIFT_ASSET_SYMBOL_EXTENSIONS = YES;
				CLANG_ANALYZER_NONNULL = YES;
				CLANG_ANALYZER_NUMBER_OBJECT_CONVERSION = YES_AGGRESSIVE;
				CLANG_CXX_LANGUAGE_STANDARD = "gnu++20";
				CLANG_ENABLE_MODULES = YES;
				CLANG_ENABLE_OBJC_ARC = YES;
				CLANG_ENABLE_OBJC_WEAK = YES;
				CLANG_WARN_BLOCK_CAPTURE_AUTORELEASING = YES;
				CLANG_WARN_BOOL_CONVERSION = YES;
				CLANG_WARN_COMMA = YES;
				CLANG_WARN_CONSTANT_CONVERSION = YES;
				CLANG_WARN_DEPRECATED_OBJC_IMPLEMENTATIONS = YES;
				CLANG_WARN_DIRECT_OBJC_ISA_USAGE = YES_ERROR;
				CLANG_WARN_DOCUMENTATION_COMMENTS = YES;
				CLANG_WARN_EMPTY_BODY = YES;
				CLANG_WARN_ENUM_CONVERSION = YES;
				CLANG_WARN_INFINITE_RECURSION = YES;
				CLANG_WARN_INT_CONVERSION = YES;
				CLANG_WARN_NON_LITERAL_NULL_CONVERSION = YES;
				CLANG_WARN_OBJC_IMPLICIT_RETAIN_SELF = YES;
				CLANG_WARN_OBJC_LITERAL_CONVERSION = YES;
				CLANG_WARN_OBJC_ROOT_CLASS = YES_ERROR;
				CLANG_WARN_QUOTED_INCLUDE_IN_FRAMEWORK_HEADER = YES;
				CLANG_WARN_RANGE_LOOP_ANALYSIS = YES;
				CLANG_WARN_STRICT_PROTOTYPES = YES;
				CLANG_WARN_SUSPICIOUS_MOVE = YES;
				CLANG_WARN_UNGUARDED_AVAILABILITY = YES_AGGRESSIVE;
				CLANG_WARN_UNREACHABLE_CODE = YES;
				CLANG_WARN__DUPLICATE_METHOD_MATCH = YES;
				COPY_PHASE_STRIP = NO;
				DEBUG_INFORMATION_FORMAT = "dwarf-with-dsym";
				DEVELOPMENT_TEAM = 6TYR8H3MLM;
				ENABLE_NS_ASSERTIONS = NO;
				ENABLE_STRICT_OBJC_MSGSEND = YES;
				ENABLE_USER_SCRIPT_SANDBOXING = YES;
				GCC_C_LANGUAGE_STANDARD = gnu17;
				GCC_NO_COMMON_BLOCKS = YES;
				GCC_WARN_64_TO_32_BIT_CONVERSION = YES;
				GCC_WARN_ABOUT_RETURN_TYPE = YES_ERROR;
				GCC_WARN_UNDECLARED_SELECTOR = YES;
				GCC_WARN_UNINITIALIZED_AUTOS = YES_AGGRESSIVE;
				GCC_WARN_UNUSED_FUNCTION = YES;
				GCC_WARN_UNUSED_VARIABLE = YES;
				IPHONEOS_DEPLOYMENT_TARGET = 18.4;
				LOCALIZATION_PREFERS_STRING_CATALOGS = YES;
				MTL_ENABLE_DEBUG_INFO = NO;
				MTL_FAST_MATH = YES;
				SDKROOT = iphoneos;
				SWIFT_COMPILATION_MODE = wholemodule;
				VALIDATE_PRODUCT = YES;
			};
			name = Release;
		};
		DC402BF92DE8792C00E94468 /* Debug */ = {
			isa = XCBuildConfiguration;
			baseConfigurationReference = 39F0BD93EF61CFD594C6C254 /* Pods-kofu-gamehub.debug.xcconfig */;
			buildSettings = {
				ASSETCATALOG_COMPILER_APPICON_NAME = AppIcon;
				ASSETCATALOG_COMPILER_GLOBAL_ACCENT_COLOR_NAME = AccentColor;
				CODE_SIGN_IDENTITY = "Apple Development";
				CODE_SIGN_STYLE = Automatic;
				CURRENT_PROJECT_VERSION = 1;
				DEVELOPMENT_TEAM = "";
				ENABLE_PREVIEWS = YES;
				ENABLE_USER_SCRIPT_SANDBOXING = NO;
				GENERATE_INFOPLIST_FILE = YES;
				INFOPLIST_FILE = "kofu-gamehub/FileSystems/Info.plist";
				INFOPLIST_KEY_CFBundleDisplayName = "Kofu GameHub";
				INFOPLIST_KEY_UIApplicationSceneManifest_Generation = YES;
				INFOPLIST_KEY_UIApplicationSupportsIndirectInputEvents = YES;
				INFOPLIST_KEY_UILaunchScreen_Generation = YES;
				INFOPLIST_KEY_UISupportedInterfaceOrientations_iPad = "UIInterfaceOrientationPortrait UIInterfaceOrientationPortraitUpsideDown UIInterfaceOrientationLandscapeLeft UIInterfaceOrientationLandscapeRight";
				INFOPLIST_KEY_UISupportedInterfaceOrientations_iPhone = "UIInterfaceOrientationPortrait UIInterfaceOrientationLandscapeLeft UIInterfaceOrientationLandscapeRight";
				IPHONEOS_DEPLOYMENT_TARGET = 17.6;
				LD_RUNPATH_SEARCH_PATHS = (
					"$(inherited)",
					"@executable_path/Frameworks",
				);
				MARKETING_VERSION = 1.0;
				PRODUCT_BUNDLE_IDENTIFIER = "io.iosacademy.kofu-gamehub";
				PRODUCT_NAME = "$(TARGET_NAME)";
				PROVISIONING_PROFILE_SPECIFIER = "";
				SWIFT_EMIT_LOC_STRINGS = YES;
				SWIFT_VERSION = 5.0;
				TARGETED_DEVICE_FAMILY = "1,2";
			};
			name = Debug;
		};
		DC402BFA2DE8792C00E94468 /* Release */ = {
			isa = XCBuildConfiguration;
			baseConfigurationReference = 8026A7FE60E9C7FAF382DC05 /* Pods-kofu-gamehub.release.xcconfig */;
			buildSettings = {
				ASSETCATALOG_COMPILER_APPICON_NAME = AppIcon;
				ASSETCATALOG_COMPILER_GLOBAL_ACCENT_COLOR_NAME = AccentColor;
				CODE_SIGN_IDENTITY = "Apple Development";
				CODE_SIGN_STYLE = Automatic;
				CURRENT_PROJECT_VERSION = 1;
				DEVELOPMENT_TEAM = "";
				ENABLE_PREVIEWS = YES;
				ENABLE_USER_SCRIPT_SANDBOXING = NO;
				GENERATE_INFOPLIST_FILE = YES;
				INFOPLIST_FILE = "kofu-gamehub/FileSystems/Info.plist";
				INFOPLIST_KEY_CFBundleDisplayName = "Kofu GameHub";
				INFOPLIST_KEY_UIApplicationSceneManifest_Generation = YES;
				INFOPLIST_KEY_UIApplicationSupportsIndirectInputEvents = YES;
				INFOPLIST_KEY_UILaunchScreen_Generation = YES;
				INFOPLIST_KEY_UISupportedInterfaceOrientations_iPad = "UIInterfaceOrientationPortrait UIInterfaceOrientationPortraitUpsideDown UIInterfaceOrientationLandscapeLeft UIInterfaceOrientationLandscapeRight";
				INFOPLIST_KEY_UISupportedInterfaceOrientations_iPhone = "UIInterfaceOrientationPortrait UIInterfaceOrientationLandscapeLeft UIInterfaceOrientationLandscapeRight";
				IPHONEOS_DEPLOYMENT_TARGET = 17.6;
				LD_RUNPATH_SEARCH_PATHS = (
					"$(inherited)",
					"@executable_path/Frameworks",
				);
				MARKETING_VERSION = 1.0;
				PRODUCT_BUNDLE_IDENTIFIER = "io.iosacademy.kofu-gamehub";
				PRODUCT_NAME = "$(TARGET_NAME)";
				PROVISIONING_PROFILE_SPECIFIER = "";
				SWIFT_EMIT_LOC_STRINGS = YES;
				SWIFT_VERSION = 5.0;
				TARGETED_DEVICE_FAMILY = "1,2";
			};
			name = Release;
		};
		DCC998422E0058C7008C1E3E /* Debug */ = {
			isa = XCBuildConfiguration;
			buildSettings = {
				BUNDLE_LOADER = "$(TEST_HOST)";
				CODE_SIGN_STYLE = Automatic;
				CURRENT_PROJECT_VERSION = 1;
				GENERATE_INFOPLIST_FILE = YES;
				IPHONEOS_DEPLOYMENT_TARGET = 18.4;
				MARKETING_VERSION = 1.0;
				PRODUCT_BUNDLE_IDENTIFIER = "io.iosacademy.kofu-gamehubTests";
				PRODUCT_NAME = "$(TARGET_NAME)";
				SWIFT_EMIT_LOC_STRINGS = NO;
				SWIFT_VERSION = 5.0;
				TARGETED_DEVICE_FAMILY = "1,2";
				TEST_HOST = "$(BUILT_PRODUCTS_DIR)/kofu-gamehub.app/$(BUNDLE_EXECUTABLE_FOLDER_PATH)/kofu-gamehub";
			};
			name = Debug;
		};
		DCC998432E0058C7008C1E3E /* Release */ = {
			isa = XCBuildConfiguration;
			buildSettings = {
				BUNDLE_LOADER = "$(TEST_HOST)";
				CODE_SIGN_STYLE = Automatic;
				CURRENT_PROJECT_VERSION = 1;
				GENERATE_INFOPLIST_FILE = YES;
				IPHONEOS_DEPLOYMENT_TARGET = 18.4;
				MARKETING_VERSION = 1.0;
				PRODUCT_BUNDLE_IDENTIFIER = "io.iosacademy.kofu-gamehubTests";
				PRODUCT_NAME = "$(TARGET_NAME)";
				SWIFT_EMIT_LOC_STRINGS = NO;
				SWIFT_VERSION = 5.0;
				TARGETED_DEVICE_FAMILY = "1,2";
				TEST_HOST = "$(BUILT_PRODUCTS_DIR)/kofu-gamehub.app/$(BUNDLE_EXECUTABLE_FOLDER_PATH)/kofu-gamehub";
			};
			name = Release;
		};
/* End XCBuildConfiguration section */

/* Begin XCConfigurationList section */
		DC402BE82DE8792A00E94468 /* Build configuration list for PBXProject "kofu-gamehub" */ = {
			isa = XCConfigurationList;
			buildConfigurations = (
				DC402BF62DE8792C00E94468 /* Debug */,
				DC402BF72DE8792C00E94468 /* Release */,
			);
			defaultConfigurationIsVisible = 0;
			defaultConfigurationName = Release;
		};
		DC402BF82DE8792C00E94468 /* Build configuration list for PBXNativeTarget "kofu-gamehub" */ = {
			isa = XCConfigurationList;
			buildConfigurations = (
				DC402BF92DE8792C00E94468 /* Debug */,
				DC402BFA2DE8792C00E94468 /* Release */,
			);
			defaultConfigurationIsVisible = 0;
			defaultConfigurationName = Release;
		};
		DCC998442E0058C8008C1E3E /* Build configuration list for PBXNativeTarget "kofu-gamehubTests" */ = {
			isa = XCConfigurationList;
			buildConfigurations = (
				DCC998422E0058C7008C1E3E /* Debug */,
				DCC998432E0058C7008C1E3E /* Release */,
			);
			defaultConfigurationIsVisible = 0;
			defaultConfigurationName = Release;
		};
/* End XCConfigurationList section */

/* Begin XCRemoteSwiftPackageReference section */
		DC14BB202DE8C9E30046EFE2 /* XCRemoteSwiftPackageReference "SwiftUI-Flow" */ = {
			isa = XCRemoteSwiftPackageReference;
			repositoryURL = "https://github.com/tevelee/SwiftUI-Flow.git";
			requirement = {
				kind = upToNextMajorVersion;
				minimumVersion = 3.0.2;
			};
		};
		DC7D56D02E018B30005D2A00 /* XCRemoteSwiftPackageReference "SwiftLintPlugins" */ = {
			isa = XCRemoteSwiftPackageReference;
			repositoryURL = "https://github.com/SimplyDanny/SwiftLintPlugins";
			requirement = {
				kind = upToNextMajorVersion;
				minimumVersion = 0.59.1;
			};
		};
/* End XCRemoteSwiftPackageReference section */

/* Begin XCSwiftPackageProductDependency section */
		DC14BB212DE8C9E30046EFE2 /* Flow */ = {
			isa = XCSwiftPackageProductDependency;
			package = DC14BB202DE8C9E30046EFE2 /* XCRemoteSwiftPackageReference "SwiftUI-Flow" */;
			productName = Flow;
		};
/* End XCSwiftPackageProductDependency section */
	};
	rootObject = DC402BE52DE8792A00E94468 /* Project object */;
}
